
Microsoft Visual Studio Solution File, Format Version 12.00
# Visual Studio 2013
VisualStudioVersion = 12.0.30501.0
MinimumVisualStudioVersion = 10.0.40219.1
Project("{FAE04EC0-301F-11D3-BF4B-00C04F79EFBC}") = "Server", "src\Server\Server.csproj", "{954F029A-A674-4C46-9EF7-78CC62A39471}"
EndProject
Project("{FAE04EC0-301F-11D3-BF4B-00C04F79EFBC}") = "SLPhoneApp1", "src\SLPhoneApp1\SLPhoneApp1.csproj", "{E451897A-A138-4A6D-9E0D-BB433E5C062C}"
EndProject
Project("{2150E333-8FDC-42A3-9474-1A3956D46DE8}") = "UniversalApp", "UniversalApp", "{47DDF672-C0F9-4456-BC0E-F416C6A9C327}"
EndProject
Project("{D954291E-2A0B-460D-934E-DC6B0785DB48}") = "UniversalApp.Shared", "src\UniversalApp\UniversalApp.Shared\UniversalApp.Shared.shproj", "{9AC1C98C-EAA3-42AD-8829-FD4B65F07E6A}"
EndProject
Project("{FAE04EC0-301F-11D3-BF4B-00C04F79EFBC}") = "UniversalApp.Windows", "src\UniversalApp\UniversalApp.Windows\UniversalApp.Windows.csproj", "{65BBADCC-76C9-40A1-9CCE-64C24090A1D6}"
EndProject
Project("{FAE04EC0-301F-11D3-BF4B-00C04F79EFBC}") = "UniversalApp.WindowsPhone", "src\UniversalApp\UniversalApp.WindowsPhone\UniversalApp.WindowsPhone.csproj", "{42F5A355-C04B-415B-B75D-7F688BE71549}"
EndProject
Global
	GlobalSection(SharedMSBuildProjectFiles) = preSolution
		src\UniversalApp\UniversalApp.Shared\UniversalApp.Shared.projitems*{9ac1c98c-eaa3-42ad-8829-fd4b65f07e6a}*SharedItemsImports = 13
		src\UniversalApp\UniversalApp.Shared\UniversalApp.Shared.projitems*{42f5a355-c04b-415b-b75d-7f688be71549}*SharedItemsImports = 4
		src\UniversalApp\UniversalApp.Shared\UniversalApp.Shared.projitems*{65bbadcc-76c9-40a1-9cce-64c24090a1d6}*SharedItemsImports = 4
	EndGlobalSection
	GlobalSection(SolutionConfigurationPlatforms) = preSolution
		Debug|Any CPU = Debug|Any CPU
		Debug|ARM = Debug|ARM
		Debug|x64 = Debug|x64
		Debug|x86 = Debug|x86
		Release|Any CPU = Release|Any CPU
		Release|ARM = Release|ARM
		Release|x64 = Release|x64
		Release|x86 = Release|x86
	EndGlobalSection
	GlobalSection(ProjectConfigurationPlatforms) = postSolution
		{954F029A-A674-4C46-9EF7-78CC62A39471}.Debug|Any CPU.ActiveCfg = Debug|Any CPU
		{954F029A-A674-4C46-9EF7-78CC62A39471}.Debug|Any CPU.Build.0 = Debug|Any CPU
		{954F029A-A674-4C46-9EF7-78CC62A39471}.Debug|ARM.ActiveCfg = Debug|Any CPU
		{954F029A-A674-4C46-9EF7-78CC62A39471}.Debug|x64.ActiveCfg = Debug|Any CPU
		{954F029A-A674-4C46-9EF7-78CC62A39471}.Debug|x86.ActiveCfg = Debug|Any CPU
		{954F029A-A674-4C46-9EF7-78CC62A39471}.Release|Any CPU.ActiveCfg = Release|Any CPU
		{954F029A-A674-4C46-9EF7-78CC62A39471}.Release|Any CPU.Build.0 = Release|Any CPU
		{954F029A-A674-4C46-9EF7-78CC62A39471}.Release|ARM.ActiveCfg = Release|Any CPU
		{954F029A-A674-4C46-9EF7-78CC62A39471}.Release|x64.ActiveCfg = Release|Any CPU
		{954F029A-A674-4C46-9EF7-78CC62A39471}.Release|x86.ActiveCfg = Release|Any CPU
		{E451897A-A138-4A6D-9E0D-BB433E5C062C}.Debug|Any CPU.ActiveCfg = Debug|Any CPU
		{E451897A-A138-4A6D-9E0D-BB433E5C062C}.Debug|Any CPU.Build.0 = Debug|Any CPU
		{E451897A-A138-4A6D-9E0D-BB433E5C062C}.Debug|Any CPU.Deploy.0 = Debug|Any CPU
		{E451897A-A138-4A6D-9E0D-BB433E5C062C}.Debug|ARM.ActiveCfg = Debug|ARM
		{E451897A-A138-4A6D-9E0D-BB433E5C062C}.Debug|ARM.Build.0 = Debug|ARM
		{E451897A-A138-4A6D-9E0D-BB433E5C062C}.Debug|ARM.Deploy.0 = Debug|ARM
		{E451897A-A138-4A6D-9E0D-BB433E5C062C}.Debug|x64.ActiveCfg = Debug|Any CPU
		{E451897A-A138-4A6D-9E0D-BB433E5C062C}.Debug|x86.ActiveCfg = Debug|x86
		{E451897A-A138-4A6D-9E0D-BB433E5C062C}.Debug|x86.Build.0 = Debug|x86
		{E451897A-A138-4A6D-9E0D-BB433E5C062C}.Debug|x86.Deploy.0 = Debug|x86
		{E451897A-A138-4A6D-9E0D-BB433E5C062C}.Release|Any CPU.ActiveCfg = Release|Any CPU
		{E451897A-A138-4A6D-9E0D-BB433E5C062C}.Release|Any CPU.Build.0 = Release|Any CPU
		{E451897A-A138-4A6D-9E0D-BB433E5C062C}.Release|Any CPU.Deploy.0 = Release|Any CPU
		{E451897A-A138-4A6D-9E0D-BB433E5C062C}.Release|ARM.ActiveCfg = Release|ARM
		{E451897A-A138-4A6D-9E0D-BB433E5C062C}.Release|ARM.Build.0 = Release|ARM
		{E451897A-A138-4A6D-9E0D-BB433E5C062C}.Release|ARM.Deploy.0 = Release|ARM
		{E451897A-A138-4A6D-9E0D-BB433E5C062C}.Release|x64.ActiveCfg = Release|Any CPU
		{E451897A-A138-4A6D-9E0D-BB433E5C062C}.Release|x86.ActiveCfg = Release|x86
		{E451897A-A138-4A6D-9E0D-BB433E5C062C}.Release|x86.Build.0 = Release|x86
		{E451897A-A138-4A6D-9E0D-BB433E5C062C}.Release|x86.Deploy.0 = Release|x86
		{65BBADCC-76C9-40A1-9CCE-64C24090A1D6}.Debug|Any CPU.ActiveCfg = Debug|Any CPU
		{65BBADCC-76C9-40A1-9CCE-64C24090A1D6}.Debug|Any CPU.Build.0 = Debug|Any CPU
		{65BBADCC-76C9-40A1-9CCE-64C24090A1D6}.Debug|Any CPU.Deploy.0 = Debug|Any CPU
		{65BBADCC-76C9-40A1-9CCE-64C24090A1D6}.Debug|ARM.ActiveCfg = Debug|ARM
		{65BBADCC-76C9-40A1-9CCE-64C24090A1D6}.Debug|ARM.Build.0 = Debug|ARM
		{65BBADCC-76C9-40A1-9CCE-64C24090A1D6}.Debug|ARM.Deploy.0 = Debug|ARM
		{65BBADCC-76C9-40A1-9CCE-64C24090A1D6}.Debug|x64.ActiveCfg = Debug|x64
		{65BBADCC-76C9-40A1-9CCE-64C24090A1D6}.Debug|x64.Build.0 = Debug|x64
		{65BBADCC-76C9-40A1-9CCE-64C24090A1D6}.Debug|x64.Deploy.0 = Debug|x64
		{65BBADCC-76C9-40A1-9CCE-64C24090A1D6}.Debug|x86.ActiveCfg = Debug|x86
		{65BBADCC-76C9-40A1-9CCE-64C24090A1D6}.Debug|x86.Build.0 = Debug|x86
		{65BBADCC-76C9-40A1-9CCE-64C24090A1D6}.Debug|x86.Deploy.0 = Debug|x86
		{65BBADCC-76C9-40A1-9CCE-64C24090A1D6}.Release|Any CPU.ActiveCfg = Release|Any CPU
		{65BBADCC-76C9-40A1-9CCE-64C24090A1D6}.Release|Any CPU.Build.0 = Release|Any CPU
		{65BBADCC-76C9-40A1-9CCE-64C24090A1D6}.Release|Any CPU.Deploy.0 = Release|Any CPU
		{65BBADCC-76C9-40A1-9CCE-64C24090A1D6}.Release|ARM.ActiveCfg = Release|ARM
		{65BBADCC-76C9-40A1-9CCE-64C24090A1D6}.Release|ARM.Build.0 = Release|ARM
		{65BBADCC-76C9-40A1-9CCE-64C24090A1D6}.Release|ARM.Deploy.0 = Release|ARM
		{65BBADCC-76C9-40A1-9CCE-64C24090A1D6}.Release|x64.ActiveCfg = Release|x64
		{65BBADCC-76C9-40A1-9CCE-64C24090A1D6}.Release|x64.Build.0 = Release|x64
		{65BBADCC-76C9-40A1-9CCE-64C24090A1D6}.Release|x64.Deploy.0 = Release|x64
		{65BBADCC-76C9-40A1-9CCE-64C24090A1D6}.Release|x86.ActiveCfg = Release|x86
		{65BBADCC-76C9-40A1-9CCE-64C24090A1D6}.Release|x86.Build.0 = Release|x86
		{65BBADCC-76C9-40A1-9CCE-64C24090A1D6}.Release|x86.Deploy.0 = Release|x86
		{42F5A355-C04B-415B-B75D-7F688BE71549}.Debug|Any CPU.ActiveCfg = Debug|Any CPU
		{42F5A355-C04B-415B-B75D-7F688BE71549}.Debug|Any CPU.Build.0 = Debug|Any CPU
		{42F5A355-C04B-415B-B75D-7F688BE71549}.Debug|Any CPU.Deploy.0 = Debug|Any CPU
		{42F5A355-C04B-415B-B75D-7F688BE71549}.Debug|ARM.ActiveCfg = Debug|ARM
		{42F5A355-C04B-415B-B75D-7F688BE71549}.Debug|ARM.Build.0 = Debug|ARM
		{42F5A355-C04B-415B-B75D-7F688BE71549}.Debug|ARM.Deploy.0 = Debug|ARM
		{42F5A355-C04B-415B-B75D-7F688BE71549}.Debug|x64.ActiveCfg = Debug|Any CPU
		{42F5A355-C04B-415B-B75D-7F688BE71549}.Debug|x86.ActiveCfg = Debug|x86
		{42F5A355-C04B-415B-B75D-7F688BE71549}.Debug|x86.Build.0 = Debug|x86
		{42F5A355-C04B-415B-B75D-7F688BE71549}.Debug|x86.Deploy.0 = Debug|x86
		{42F5A355-C04B-415B-B75D-7F688BE71549}.Release|Any CPU.ActiveCfg = Release|Any CPU
		{42F5A355-C04B-415B-B75D-7F688BE71549}.Release|Any CPU.Build.0 = Release|Any CPU
		{42F5A355-C04B-415B-B75D-7F688BE71549}.Release|Any CPU.Deploy.0 = Release|Any CPU
		{42F5A355-C04B-415B-B75D-7F688BE71549}.Release|ARM.ActiveCfg = Release|ARM
		{42F5A355-C04B-415B-B75D-7F688BE71549}.Release|ARM.Build.0 = Release|ARM
		{42F5A355-C04B-415B-B75D-7F688BE71549}.Release|ARM.Deploy.0 = Release|ARM
		{42F5A355-C04B-415B-B75D-7F688BE71549}.Release|x64.ActiveCfg = Release|Any CPU
		{42F5A355-C04B-415B-B75D-7F688BE71549}.Release|x86.ActiveCfg = Release|x86
		{42F5A355-C04B-415B-B75D-7F688BE71549}.Release|x86.Build.0 = Release|x86
		{42F5A355-C04B-415B-B75D-7F688BE71549}.Release|x86.Deploy.0 = Release|x86
	EndGlobalSection
	GlobalSection(SolutionProperties) = preSolution
		HideSolutionNode = FALSE
	EndGlobalSection
	GlobalSection(NestedProjects) = preSolution
		{9AC1C98C-EAA3-42AD-8829-FD4B65F07E6A} = {47DDF672-C0F9-4456-BC0E-F416C6A9C327}
		{65BBADCC-76C9-40A1-9CCE-64C24090A1D6} = {47DDF672-C0F9-4456-BC0E-F416C6A9C327}
		{42F5A355-C04B-415B-B75D-7F688BE71549} = {47DDF672-C0F9-4456-BC0E-F416C6A9C327}
	EndGlobalSection
EndGlobal
